
Microsoft Visual Studio Solution File, Format Version 12.00
# Visual Studio 14
VisualStudioVersion = 14.0.25420.1
MinimumVisualStudioVersion = 10.0.40219.1
Project("{8BC9CEB8-8B4A-11D0-8D11-00A0C91BC942}") = "libevent_core", "libevent_core\libevent_core.vcxproj", "{9A7C1874-F1AD-4143-9971-D50C5861D810}"
EndProject
Project("{8BC9CEB8-8B4A-11D0-8D11-00A0C91BC942}") = "libevent", "libevent\libevent.vcxproj", "{8B8153C5-C010-47FA-B34E-85BBE7DF3D49}"
EndProject
Project("{8BC9CEB8-8B4A-11D0-8D11-00A0C91BC942}") = "libevent_extras", "libevent_extras\libevent_extras.vcxproj", "{88962ECC-8F98-40DC-B740-B78E34E064ED}"
EndProject
Project("{8BC9CEB8-8B4A-11D0-8D11-00A0C91BC942}") = "test-init", "test\test-init.vcxproj", "{B3112B72-744E-4EA8-AAD0-091155E918BA}"
EndProject
Project("{8BC9CEB8-8B4A-11D0-8D11-00A0C91BC942}") = "test-changelist", "test\test-changelist.vcxproj", "{9B7E24E4-41D5-442F-A068-046E79EA1A38}"
EndProject
Project("{8BC9CEB8-8B4A-11D0-8D11-00A0C91BC942}") = "test-closed", "test\test-closed.vcxproj", "{B5842569-B2CF-4FC5-AC50-7E9FD9FCB1FF}"
EndProject
Project("{8BC9CEB8-8B4A-11D0-8D11-00A0C91BC942}") = "test-eof", "test\test-eof.vcxproj", "{4AC28322-FD54-43C9-9FB0-2FA094B0D440}"
EndProject
Project("{8BC9CEB8-8B4A-11D0-8D11-00A0C91BC942}") = "test-time", "test\test-time.vcxproj", "{FB7A6C60-D63E-4147-83A6-A7B6DF00E8F6}"
EndProject
Project("{8BC9CEB8-8B4A-11D0-8D11-00A0C91BC942}") = "test-weof", "test\test-weof.vcxproj", "{554AA51C-4CBC-4BC8-9813-17F91856567A}"
EndProject
Project("{2150E333-8FDC-42A3-9474-1A3956D46DE8}") = "lib", "lib", "{B84573E1-35FE-4ACE-9671-C53C359730E7}"
EndProject
Project("{2150E333-8FDC-42A3-9474-1A3956D46DE8}") = "test", "test", "{31636D78-4252-4B6B-9D60-4D1DD688501B}"
EndProject
Project("{8BC9CEB8-8B4A-11D0-8D11-00A0C91BC942}") = "regress", "regress\regress.vcxproj", "{D9319B8F-BB8D-432E-AEAA-BD6E654BC099}"
EndProject
Project("{8BC9CEB8-8B4A-11D0-8D11-00A0C91BC942}") = "print-winsock-errors", "print-winsock-errors\print-winsock-errors.vcxproj", "{E13AB946-40ED-49A6-A9E1-CDA4A31C96ED}"
EndProject
Project("{8BC9CEB8-8B4A-11D0-8D11-00A0C91BC942}") = "bench", "bench\bench.vcxproj", "{86C66D1A-3643-4C15-9DBA-DF24AE11E0AD}"
EndProject
Project("{8BC9CEB8-8B4A-11D0-8D11-00A0C91BC942}") = "bench_cascade", "bench\bench_cascade.vcxproj", "{C444ED72-47C8-41A5-857F-20F43B8EF521}"
EndProject
Project("{8BC9CEB8-8B4A-11D0-8D11-00A0C91BC942}") = "bench_http", "bench\bench_http.vcxproj", "{222A159B-5F98-4571-8BD6-F3AEE169E216}"
EndProject
Project("{8BC9CEB8-8B4A-11D0-8D11-00A0C91BC942}") = "bench_httpclient", "bench\bench_httpclient.vcxproj", "{878499EA-9243-43D5-94A5-B226A84A697F}"
EndProject
Project("{2150E333-8FDC-42A3-9474-1A3956D46DE8}") = "benchProjects", "benchProjects", "{5100BD32-BDD3-4FC1-B4F1-AD56FB26C0EA}"
EndProject
Global
	GlobalSection(SolutionConfigurationPlatforms) = preSolution
		Debug|x64 = Debug|x64
		Debug|x86 = Debug|x86
		Release|x64 = Release|x64
		Release|x86 = Release|x86
	EndGlobalSection
	GlobalSection(ProjectConfigurationPlatforms) = postSolution
		{9A7C1874-F1AD-4143-9971-D50C5861D810}.Debug|x64.ActiveCfg = Debug|Win32
		{9A7C1874-F1AD-4143-9971-D50C5861D810}.Debug|x64.Build.0 = Debug|Win32
		{9A7C1874-F1AD-4143-9971-D50C5861D810}.Debug|x86.ActiveCfg = Debug|Win32
		{9A7C1874-F1AD-4143-9971-D50C5861D810}.Debug|x86.Build.0 = Debug|Win32
		{9A7C1874-F1AD-4143-9971-D50C5861D810}.Release|x64.ActiveCfg = Release|x64
		{9A7C1874-F1AD-4143-9971-D50C5861D810}.Release|x64.Build.0 = Release|x64
		{9A7C1874-F1AD-4143-9971-D50C5861D810}.Release|x86.ActiveCfg = Release|Win32
		{9A7C1874-F1AD-4143-9971-D50C5861D810}.Release|x86.Build.0 = Release|Win32
		{8B8153C5-C010-47FA-B34E-85BBE7DF3D49}.Debug|x64.ActiveCfg = Debug|Win32
		{8B8153C5-C010-47FA-B34E-85BBE7DF3D49}.Debug|x64.Build.0 = Debug|Win32
		{8B8153C5-C010-47FA-B34E-85BBE7DF3D49}.Debug|x86.ActiveCfg = Debug|Win32
		{8B8153C5-C010-47FA-B34E-85BBE7DF3D49}.Debug|x86.Build.0 = Debug|Win32
		{8B8153C5-C010-47FA-B34E-85BBE7DF3D49}.Release|x64.ActiveCfg = Release|x64
		{8B8153C5-C010-47FA-B34E-85BBE7DF3D49}.Release|x64.Build.0 = Release|x64
		{8B8153C5-C010-47FA-B34E-85BBE7DF3D49}.Release|x86.ActiveCfg = Release|Win32
		{8B8153C5-C010-47FA-B34E-85BBE7DF3D49}.Release|x86.Build.0 = Release|Win32
		{88962ECC-8F98-40DC-B740-B78E34E064ED}.Debug|x64.ActiveCfg = Debug|Win32
		{88962ECC-8F98-40DC-B740-B78E34E064ED}.Debug|x64.Build.0 = Debug|Win32
		{88962ECC-8F98-40DC-B740-B78E34E064ED}.Debug|x86.ActiveCfg = Debug|Win32
		{88962ECC-8F98-40DC-B740-B78E34E064ED}.Debug|x86.Build.0 = Debug|Win32
		{88962ECC-8F98-40DC-B740-B78E34E064ED}.Release|x64.ActiveCfg = Release|x64
		{88962ECC-8F98-40DC-B740-B78E34E064ED}.Release|x64.Build.0 = Release|x64
		{88962ECC-8F98-40DC-B740-B78E34E064ED}.Release|x86.ActiveCfg = Release|Win32
		{88962ECC-8F98-40DC-B740-B78E34E064ED}.Release|x86.Build.0 = Release|Win32
		{B3112B72-744E-4EA8-AAD0-091155E918BA}.Debug|x64.ActiveCfg = Debug|x64
		{B3112B72-744E-4EA8-AAD0-091155E918BA}.Debug|x64.Build.0 = Debug|x64
		{B3112B72-744E-4EA8-AAD0-091155E918BA}.Debug|x86.ActiveCfg = Debug|Win32
		{B3112B72-744E-4EA8-AAD0-091155E918BA}.Debug|x86.Build.0 = Debug|Win32
		{B3112B72-744E-4EA8-AAD0-091155E918BA}.Release|x64.ActiveCfg = Release|x64
		{B3112B72-744E-4EA8-AAD0-091155E918BA}.Release|x64.Build.0 = Release|x64
		{B3112B72-744E-4EA8-AAD0-091155E918BA}.Release|x86.ActiveCfg = Release|Win32
		{B3112B72-744E-4EA8-AAD0-091155E918BA}.Release|x86.Build.0 = Release|Win32
		{9B7E24E4-41D5-442F-A068-046E79EA1A38}.Debug|x64.ActiveCfg = Debug|x64
		{9B7E24E4-41D5-442F-A068-046E79EA1A38}.Debug|x64.Build.0 = Debug|x64
		{9B7E24E4-41D5-442F-A068-046E79EA1A38}.Debug|x86.ActiveCfg = Debug|Win32
		{9B7E24E4-41D5-442F-A068-046E79EA1A38}.Debug|x86.Build.0 = Debug|Win32
		{9B7E24E4-41D5-442F-A068-046E79EA1A38}.Release|x64.ActiveCfg = Release|x64
		{9B7E24E4-41D5-442F-A068-046E79EA1A38}.Release|x64.Build.0 = Release|x64
		{9B7E24E4-41D5-442F-A068-046E79EA1A38}.Release|x86.ActiveCfg = Release|Win32
		{9B7E24E4-41D5-442F-A068-046E79EA1A38}.Release|x86.Build.0 = Release|Win32
		{B5842569-B2CF-4FC5-AC50-7E9FD9FCB1FF}.Debug|x64.ActiveCfg = Debug|x64
		{B5842569-B2CF-4FC5-AC50-7E9FD9FCB1FF}.Debug|x64.Build.0 = Debug|x64
		{B5842569-B2CF-4FC5-AC50-7E9FD9FCB1FF}.Debug|x86.ActiveCfg = Debug|Win32
		{B5842569-B2CF-4FC5-AC50-7E9FD9FCB1FF}.Debug|x86.Build.0 = Debug|Win32
		{B5842569-B2CF-4FC5-AC50-7E9FD9FCB1FF}.Release|x64.ActiveCfg = Release|x64
		{B5842569-B2CF-4FC5-AC50-7E9FD9FCB1FF}.Release|x64.Build.0 = Release|x64
		{B5842569-B2CF-4FC5-AC50-7E9FD9FCB1FF}.Release|x86.ActiveCfg = Release|Win32
		{B5842569-B2CF-4FC5-AC50-7E9FD9FCB1FF}.Release|x86.Build.0 = Release|Win32
		{4AC28322-FD54-43C9-9FB0-2FA094B0D440}.Debug|x64.ActiveCfg = Debug|x64
		{4AC28322-FD54-43C9-9FB0-2FA094B0D440}.Debug|x64.Build.0 = Debug|x64
		{4AC28322-FD54-43C9-9FB0-2FA094B0D440}.Debug|x86.ActiveCfg = Debug|Win32
		{4AC28322-FD54-43C9-9FB0-2FA094B0D440}.Debug|x86.Build.0 = Debug|Win32
		{4AC28322-FD54-43C9-9FB0-2FA094B0D440}.Release|x64.ActiveCfg = Release|x64
		{4AC28322-FD54-43C9-9FB0-2FA094B0D440}.Release|x64.Build.0 = Release|x64
		{4AC28322-FD54-43C9-9FB0-2FA094B0D440}.Release|x86.ActiveCfg = Release|Win32
		{4AC28322-FD54-43C9-9FB0-2FA094B0D440}.Release|x86.Build.0 = Release|Win32
		{FB7A6C60-D63E-4147-83A6-A7B6DF00E8F6}.Debug|x64.ActiveCfg = Debug|x64
		{FB7A6C60-D63E-4147-83A6-A7B6DF00E8F6}.Debug|x64.Build.0 = Debug|x64
		{FB7A6C60-D63E-4147-83A6-A7B6DF00E8F6}.Debug|x86.ActiveCfg = Debug|Win32
		{FB7A6C60-D63E-4147-83A6-A7B6DF00E8F6}.Debug|x86.Build.0 = Debug|Win32
		{FB7A6C60-D63E-4147-83A6-A7B6DF00E8F6}.Release|x64.ActiveCfg = Release|x64
		{FB7A6C60-D63E-4147-83A6-A7B6DF00E8F6}.Release|x64.Build.0 = Release|x64
		{FB7A6C60-D63E-4147-83A6-A7B6DF00E8F6}.Release|x86.ActiveCfg = Release|Win32
		{FB7A6C60-D63E-4147-83A6-A7B6DF00E8F6}.Release|x86.Build.0 = Release|Win32
		{554AA51C-4CBC-4BC8-9813-17F91856567A}.Debug|x64.ActiveCfg = Debug|x64
		{554AA51C-4CBC-4BC8-9813-17F91856567A}.Debug|x64.Build.0 = Debug|x64
		{554AA51C-4CBC-4BC8-9813-17F91856567A}.Debug|x86.ActiveCfg = Debug|Win32
		{554AA51C-4CBC-4BC8-9813-17F91856567A}.Debug|x86.Build.0 = Debug|Win32
		{554AA51C-4CBC-4BC8-9813-17F91856567A}.Release|x64.ActiveCfg = Release|x64
		{554AA51C-4CBC-4BC8-9813-17F91856567A}.Release|x64.Build.0 = Release|x64
		{554AA51C-4CBC-4BC8-9813-17F91856567A}.Release|x86.ActiveCfg = Release|Win32
		{554AA51C-4CBC-4BC8-9813-17F91856567A}.Release|x86.Build.0 = Release|Win32
		{D9319B8F-BB8D-432E-AEAA-BD6E654BC099}.Debug|x64.ActiveCfg = Debug|x64
		{D9319B8F-BB8D-432E-AEAA-BD6E654BC099}.Debug|x64.Build.0 = Debug|x64
		{D9319B8F-BB8D-432E-AEAA-BD6E654BC099}.Debug|x86.ActiveCfg = Debug|Win32
		{D9319B8F-BB8D-432E-AEAA-BD6E654BC099}.Debug|x86.Build.0 = Debug|Win32
		{D9319B8F-BB8D-432E-AEAA-BD6E654BC099}.Release|x64.ActiveCfg = Release|x64
		{D9319B8F-BB8D-432E-AEAA-BD6E654BC099}.Release|x64.Build.0 = Release|x64
		{D9319B8F-BB8D-432E-AEAA-BD6E654BC099}.Release|x86.ActiveCfg = Release|Win32
		{D9319B8F-BB8D-432E-AEAA-BD6E654BC099}.Release|x86.Build.0 = Release|Win32
		{E13AB946-40ED-49A6-A9E1-CDA4A31C96ED}.Debug|x64.ActiveCfg = Debug|x64
		{E13AB946-40ED-49A6-A9E1-CDA4A31C96ED}.Debug|x64.Build.0 = Debug|x64
		{E13AB946-40ED-49A6-A9E1-CDA4A31C96ED}.Debug|x86.ActiveCfg = Debug|Win32
		{E13AB946-40ED-49A6-A9E1-CDA4A31C96ED}.Debug|x86.Build.0 = Debug|Win32
		{E13AB946-40ED-49A6-A9E1-CDA4A31C96ED}.Release|x64.ActiveCfg = Release|x64
		{E13AB946-40ED-49A6-A9E1-CDA4A31C96ED}.Release|x64.Build.0 = Release|x64
		{E13AB946-40ED-49A6-A9E1-CDA4A31C96ED}.Release|x86.ActiveCfg = Release|Win32
		{E13AB946-40ED-49A6-A9E1-CDA4A31C96ED}.Release|x86.Build.0 = Release|Win32
		{86C66D1A-3643-4C15-9DBA-DF24AE11E0AD}.Debug|x64.ActiveCfg = Debug|x64
		{86C66D1A-3643-4C15-9DBA-DF24AE11E0AD}.Debug|x64.Build.0 = Debug|x64
		{86C66D1A-3643-4C15-9DBA-DF24AE11E0AD}.Debug|x86.ActiveCfg = Debug|Win32
		{86C66D1A-3643-4C15-9DBA-DF24AE11E0AD}.Debug|x86.Build.0 = Debug|Win32
		{86C66D1A-3643-4C15-9DBA-DF24AE11E0AD}.Release|x64.ActiveCfg = Release|x64
		{86C66D1A-3643-4C15-9DBA-DF24AE11E0AD}.Release|x64.Build.0 = Release|x64
		{86C66D1A-3643-4C15-9DBA-DF24AE11E0AD}.Release|x86.ActiveCfg = Release|Win32
		{86C66D1A-3643-4C15-9DBA-DF24AE11E0AD}.Release|x86.Build.0 = Release|Win32
		{C444ED72-47C8-41A5-857F-20F43B8EF521}.Debug|x64.ActiveCfg = Debug|x64
		{C444ED72-47C8-41A5-857F-20F43B8EF521}.Debug|x64.Build.0 = Debug|x64
		{C444ED72-47C8-41A5-857F-20F43B8EF521}.Debug|x86.ActiveCfg = Debug|Win32
		{C444ED72-47C8-41A5-857F-20F43B8EF521}.Debug|x86.Build.0 = Debug|Win32
		{C444ED72-47C8-41A5-857F-20F43B8EF521}.Release|x64.ActiveCfg = Release|x64
		{C444ED72-47C8-41A5-857F-20F43B8EF521}.Release|x64.Build.0 = Release|x64
		{C444ED72-47C8-41A5-857F-20F43B8EF521}.Release|x86.ActiveCfg = Release|Win32
		{C444ED72-47C8-41A5-857F-20F43B8EF521}.Release|x86.Build.0 = Release|Win32
		{222A159B-5F98-4571-8BD6-F3AEE169E216}.Debug|x64.ActiveCfg = Debug|x64
		{222A159B-5F98-4571-8BD6-F3AEE169E216}.Debug|x64.Build.0 = Debug|x64
		{222A159B-5F98-4571-8BD6-F3AEE169E216}.Debug|x86.ActiveCfg = Debug|Win32
		{222A159B-5F98-4571-8BD6-F3AEE169E216}.Debug|x86.Build.0 = Debug|Win32
		{222A159B-5F98-4571-8BD6-F3AEE169E216}.Release|x64.ActiveCfg = Release|x64
		{222A159B-5F98-4571-8BD6-F3AEE169E216}.Release|x64.Build.0 = Release|x64
		{222A159B-5F98-4571-8BD6-F3AEE169E216}.Release|x86.ActiveCfg = Release|Win32
		{222A159B-5F98-4571-8BD6-F3AEE169E216}.Release|x86.Build.0 = Release|Win32
		{878499EA-9243-43D5-94A5-B226A84A697F}.Debug|x64.ActiveCfg = Debug|x64
		{878499EA-9243-43D5-94A5-B226A84A697F}.Debug|x64.Build.0 = Debug|x64
		{878499EA-9243-43D5-94A5-B226A84A697F}.Debug|x86.ActiveCfg = Debug|Win32
		{878499EA-9243-43D5-94A5-B226A84A697F}.Debug|x86.Build.0 = Debug|Win32
		{878499EA-9243-43D5-94A5-B226A84A697F}.Release|x64.ActiveCfg = Release|x64
		{878499EA-9243-43D5-94A5-B226A84A697F}.Release|x64.Build.0 = Release|x64
		{878499EA-9243-43D5-94A5-B226A84A697F}.Release|x86.ActiveCfg = Release|Win32
		{878499EA-9243-43D5-94A5-B226A84A697F}.Release|x86.Build.0 = Release|Win32
	EndGlobalSection
	GlobalSection(SolutionProperties) = preSolution
		HideSolutionNode = FALSE
	EndGlobalSection
	GlobalSection(NestedProjects) = preSolution
		{9A7C1874-F1AD-4143-9971-D50C5861D810} = {B84573E1-35FE-4ACE-9671-C53C359730E7}
		{8B8153C5-C010-47FA-B34E-85BBE7DF3D49} = {B84573E1-35FE-4ACE-9671-C53C359730E7}
		{88962ECC-8F98-40DC-B740-B78E34E064ED} = {B84573E1-35FE-4ACE-9671-C53C359730E7}
		{B3112B72-744E-4EA8-AAD0-091155E918BA} = {31636D78-4252-4B6B-9D60-4D1DD688501B}
		{9B7E24E4-41D5-442F-A068-046E79EA1A38} = {31636D78-4252-4B6B-9D60-4D1DD688501B}
		{B5842569-B2CF-4FC5-AC50-7E9FD9FCB1FF} = {31636D78-4252-4B6B-9D60-4D1DD688501B}
		{4AC28322-FD54-43C9-9FB0-2FA094B0D440} = {31636D78-4252-4B6B-9D60-4D1DD688501B}
		{FB7A6C60-D63E-4147-83A6-A7B6DF00E8F6} = {31636D78-4252-4B6B-9D60-4D1DD688501B}
		{554AA51C-4CBC-4BC8-9813-17F91856567A} = {31636D78-4252-4B6B-9D60-4D1DD688501B}
		{86C66D1A-3643-4C15-9DBA-DF24AE11E0AD} = {5100BD32-BDD3-4FC1-B4F1-AD56FB26C0EA}
		{C444ED72-47C8-41A5-857F-20F43B8EF521} = {5100BD32-BDD3-4FC1-B4F1-AD56FB26C0EA}
		{222A159B-5F98-4571-8BD6-F3AEE169E216} = {5100BD32-BDD3-4FC1-B4F1-AD56FB26C0EA}
		{878499EA-9243-43D5-94A5-B226A84A697F} = {5100BD32-BDD3-4FC1-B4F1-AD56FB26C0EA}
	EndGlobalSection
EndGlobal
